
Microsoft Visual Studio Solution File, Format Version 12.00
# Visual Studio 2012
Project("{FAE04EC0-301F-11D3-BF4B-00C04F79EFBC}") = "Cloudrobe", "Cloudrobe\Cloudrobe.csproj", "{EF8D7B29-385F-42AC-A72C-15B82F9FA9DD}"
EndProject
Global
	GlobalSection(SolutionConfigurationPlatforms) = preSolution
		Debug|Any CPU = Debug|Any CPU
		Release|Any CPU = Release|Any CPU
	EndGlobalSection
	GlobalSection(ProjectConfigurationPlatforms) = postSolution
		{EF8D7B29-385F-42AC-A72C-15B82F9FA9DD}.Debug|Any CPU.ActiveCfg = Debug|Any CPU
		{EF8D7B29-385F-42AC-A72C-15B82F9FA9DD}.Debug|Any CPU.Build.0 = Debug|Any CPU
		{EF8D7B29-385F-42AC-A72C-15B82F9FA9DD}.Release|Any CPU.ActiveCfg = Release|Any CPU
		{EF8D7B29-385F-42AC-A72C-15B82F9FA9DD}.Release|Any CPU.Build.0 = Release|Any CPU
	EndGlobalSection
	GlobalSection(SolutionProperties) = preSolution
		HideSolutionNode = FALSE
	EndGlobalSection
EndGlobal
